
Microsoft Visual Studio Solution File, Format Version 12.00
# Visual Studio 15
VisualStudioVersion = 15.0.28010.2019
MinimumVisualStudioVersion = 10.0.40219.1
Project("{FAE04EC0-301F-11D3-BF4B-00C04F79EFBC}") = "MVC", "5-CSRF\MVC.csproj", "{96AB9479-259A-4B02-8ABE-7B368A3ACE21}"
EndProject
Global
	GlobalSection(SolutionConfigurationPlatforms) = preSolution
		Debug|Any CPU = Debug|Any CPU
		Release|Any CPU = Release|Any CPU
	EndGlobalSection
	GlobalSection(ProjectConfigurationPlatforms) = postSolution
		{96AB9479-259A-4B02-8ABE-7B368A3ACE21}.Debug|Any CPU.ActiveCfg = Debug|Any CPU
		{96AB9479-259A-4B02-8ABE-7B368A3ACE21}.Debug|Any CPU.Build.0 = Debug|Any CPU
		{96AB9479-259A-4B02-8ABE-7B368A3ACE21}.Release|Any CPU.ActiveCfg = Release|Any CPU
		{96AB9479-259A-4B02-8ABE-7B368A3ACE21}.Release|Any CPU.Build.0 = Release|Any CPU
	EndGlobalSection
	GlobalSection(SolutionProperties) = preSolution
		HideSolutionNode = FALSE
	EndGlobalSection
	GlobalSection(ExtensibilityGlobals) = postSolution
		SolutionGuid = {D0F0DA50-390A-4202-B34D-1062E6C34FE8}
	EndGlobalSection
EndGlobal
